
Microsoft Visual Studio Solution File, Format Version 12.00
# Visual Studio Version 17
VisualStudioVersion = 17.0.31903.59
MinimumVisualStudioVersion = 10.0.40219.1
Project("{2150E333-8FDC-42A3-9474-1A3956D46DE8}") = "src", "src", "{827E0CD3-B72D-47B6-A68D-7590B98EB39B}"
EndProject
Project("{FAE04EC0-301F-11D3-BF4B-00C04F79EFBC}") = "SmartSdrMcp", "src\SmartSdrMcp\SmartSdrMcp.csproj", "{09D1D643-5345-48B4-9EEF-F5131906E290}"
EndProject
Project("{FAE04EC0-301F-11D3-BF4B-00C04F79EFBC}") = "SmartSdrMcp.Radio", "src\SmartSdrMcp.Radio\SmartSdrMcp.Radio.csproj", "{31F33B48-223D-4563-A468-AEE5A447F670}"
EndProject
Project("{FAE04EC0-301F-11D3-BF4B-00C04F79EFBC}") = "SmartSdrMcp.Audio", "src\SmartSdrMcp.Audio\SmartSdrMcp.Audio.csproj", "{40AAB06F-131E-4021-A04E-B8FC561C1403}"
EndProject
Project("{FAE04EC0-301F-11D3-BF4B-00C04F79EFBC}") = "SmartSdrMcp.Cw", "src\SmartSdrMcp.Cw\SmartSdrMcp.Cw.csproj", "{F295E221-A047-4AF1-AF62-28EADCF8150C}"
EndProject
Project("{FAE04EC0-301F-11D3-BF4B-00C04F79EFBC}") = "SmartSdrMcp.Qso", "src\SmartSdrMcp.Qso\SmartSdrMcp.Qso.csproj", "{C0FD9AB9-FF97-46D9-B461-A2081D87CA90}"
EndProject
Project("{FAE04EC0-301F-11D3-BF4B-00C04F79EFBC}") = "SmartSdrMcp.Ai", "src\SmartSdrMcp.Ai\SmartSdrMcp.Ai.csproj", "{F783AE0B-4154-42D3-BE2B-7AAB811270F9}"
EndProject
Project("{FAE04EC0-301F-11D3-BF4B-00C04F79EFBC}") = "SmartSdrMcp.Tx", "src\SmartSdrMcp.Tx\SmartSdrMcp.Tx.csproj", "{DD99D467-26E5-4EE4-BB27-09F47F1590C1}"
EndProject
Project("{FAE04EC0-301F-11D3-BF4B-00C04F79EFBC}") = "SmartSdrMcp.Mcp", "src\SmartSdrMcp.Mcp\SmartSdrMcp.Mcp.csproj", "{03B30AB2-8563-40F4-A211-2AC46A890D06}"
EndProject
Project("{2150E333-8FDC-42A3-9474-1A3956D46DE8}") = "lib", "lib", "{3A8DF596-E814-FECC-DD4B-D8EF8AAC1A0D}"
EndProject
Project("{2150E333-8FDC-42A3-9474-1A3956D46DE8}") = "FlexLib_Core", "FlexLib_Core", "{DD71328E-FF8D-6DBB-E07F-F0739A4A0A12}"
EndProject
Project("{FAE04EC0-301F-11D3-BF4B-00C04F79EFBC}") = "FlexLib", "lib\FlexLib_Core\FlexLib\FlexLib.csproj", "{084929A7-F831-41F9-BC47-8134DB41B7A6}"
EndProject
Project("{FAE04EC0-301F-11D3-BF4B-00C04F79EFBC}") = "Vita", "lib\FlexLib_Core\Vita\Vita.csproj", "{AED2E5DF-3334-4462-A5E7-BC7D3FCDCDA7}"
EndProject
Project("{FAE04EC0-301F-11D3-BF4B-00C04F79EFBC}") = "Util", "lib\FlexLib_Core\Util\Util.csproj", "{FB415AAB-9F2B-47F1-A91C-CB900D280739}"
EndProject
Project("{FAE04EC0-301F-11D3-BF4B-00C04F79EFBC}") = "SmartSdrMcp.Ssb", "src\SmartSdrMcp.Ssb\SmartSdrMcp.Ssb.csproj", "{89C77F02-A045-48D9-8D68-7A928C09819E}"
EndProject
Project("{FAE04EC0-301F-11D3-BF4B-00C04F79EFBC}") = "SmartSdrMcp.Contest", "src\SmartSdrMcp.Contest\SmartSdrMcp.Contest.csproj", "{B4A3E6D1-7C52-4F89-9A1B-3D8E5F6C2A4D}"
EndProject
Global
	GlobalSection(SolutionConfigurationPlatforms) = preSolution
		Debug|Any CPU = Debug|Any CPU
		Debug|x64 = Debug|x64
		Debug|x86 = Debug|x86
		Release|Any CPU = Release|Any CPU
		Release|x64 = Release|x64
		Release|x86 = Release|x86
	EndGlobalSection
	GlobalSection(ProjectConfigurationPlatforms) = postSolution
		{09D1D643-5345-48B4-9EEF-F5131906E290}.Debug|Any CPU.ActiveCfg = Debug|Any CPU
		{09D1D643-5345-48B4-9EEF-F5131906E290}.Debug|Any CPU.Build.0 = Debug|Any CPU
		{09D1D643-5345-48B4-9EEF-F5131906E290}.Debug|x64.ActiveCfg = Debug|Any CPU
		{09D1D643-5345-48B4-9EEF-F5131906E290}.Debug|x64.Build.0 = Debug|Any CPU
		{09D1D643-5345-48B4-9EEF-F5131906E290}.Debug|x86.ActiveCfg = Debug|Any CPU
		{09D1D643-5345-48B4-9EEF-F5131906E290}.Debug|x86.Build.0 = Debug|Any CPU
		{09D1D643-5345-48B4-9EEF-F5131906E290}.Release|Any CPU.ActiveCfg = Release|Any CPU
		{09D1D643-5345-48B4-9EEF-F5131906E290}.Release|Any CPU.Build.0 = Release|Any CPU
		{09D1D643-5345-48B4-9EEF-F5131906E290}.Release|x64.ActiveCfg = Release|Any CPU
		{09D1D643-5345-48B4-9EEF-F5131906E290}.Release|x64.Build.0 = Release|Any CPU
		{09D1D643-5345-48B4-9EEF-F5131906E290}.Release|x86.ActiveCfg = Release|Any CPU
		{09D1D643-5345-48B4-9EEF-F5131906E290}.Release|x86.Build.0 = Release|Any CPU
		{31F33B48-223D-4563-A468-AEE5A447F670}.Debug|Any CPU.ActiveCfg = Debug|Any CPU
		{31F33B48-223D-4563-A468-AEE5A447F670}.Debug|Any CPU.Build.0 = Debug|Any CPU
		{31F33B48-223D-4563-A468-AEE5A447F670}.Debug|x64.ActiveCfg = Debug|Any CPU
		{31F33B48-223D-4563-A468-AEE5A447F670}.Debug|x64.Build.0 = Debug|Any CPU
		{31F33B48-223D-4563-A468-AEE5A447F670}.Debug|x86.ActiveCfg = Debug|Any CPU
		{31F33B48-223D-4563-A468-AEE5A447F670}.Debug|x86.Build.0 = Debug|Any CPU
		{31F33B48-223D-4563-A468-AEE5A447F670}.Release|Any CPU.ActiveCfg = Release|Any CPU
		{31F33B48-223D-4563-A468-AEE5A447F670}.Release|Any CPU.Build.0 = Release|Any CPU
		{31F33B48-223D-4563-A468-AEE5A447F670}.Release|x64.ActiveCfg = Release|Any CPU
		{31F33B48-223D-4563-A468-AEE5A447F670}.Release|x64.Build.0 = Release|Any CPU
		{31F33B48-223D-4563-A468-AEE5A447F670}.Release|x86.ActiveCfg = Release|Any CPU
		{31F33B48-223D-4563-A468-AEE5A447F670}.Release|x86.Build.0 = Release|Any CPU
		{40AAB06F-131E-4021-A04E-B8FC561C1403}.Debug|Any CPU.ActiveCfg = Debug|Any CPU
		{40AAB06F-131E-4021-A04E-B8FC561C1403}.Debug|Any CPU.Build.0 = Debug|Any CPU
		{40AAB06F-131E-4021-A04E-B8FC561C1403}.Debug|x64.ActiveCfg = Debug|Any CPU
		{40AAB06F-131E-4021-A04E-B8FC561C1403}.Debug|x64.Build.0 = Debug|Any CPU
		{40AAB06F-131E-4021-A04E-B8FC561C1403}.Debug|x86.ActiveCfg = Debug|Any CPU
		{40AAB06F-131E-4021-A04E-B8FC561C1403}.Debug|x86.Build.0 = Debug|Any CPU
		{40AAB06F-131E-4021-A04E-B8FC561C1403}.Release|Any CPU.ActiveCfg = Release|Any CPU
		{40AAB06F-131E-4021-A04E-B8FC561C1403}.Release|Any CPU.Build.0 = Release|Any CPU
		{40AAB06F-131E-4021-A04E-B8FC561C1403}.Release|x64.ActiveCfg = Release|Any CPU
		{40AAB06F-131E-4021-A04E-B8FC561C1403}.Release|x64.Build.0 = Release|Any CPU
		{40AAB06F-131E-4021-A04E-B8FC561C1403}.Release|x86.ActiveCfg = Release|Any CPU
		{40AAB06F-131E-4021-A04E-B8FC561C1403}.Release|x86.Build.0 = Release|Any CPU
		{F295E221-A047-4AF1-AF62-28EADCF8150C}.Debug|Any CPU.ActiveCfg = Debug|Any CPU
		{F295E221-A047-4AF1-AF62-28EADCF8150C}.Debug|Any CPU.Build.0 = Debug|Any CPU
		{F295E221-A047-4AF1-AF62-28EADCF8150C}.Debug|x64.ActiveCfg = Debug|Any CPU
		{F295E221-A047-4AF1-AF62-28EADCF8150C}.Debug|x64.Build.0 = Debug|Any CPU
		{F295E221-A047-4AF1-AF62-28EADCF8150C}.Debug|x86.ActiveCfg = Debug|Any CPU
		{F295E221-A047-4AF1-AF62-28EADCF8150C}.Debug|x86.Build.0 = Debug|Any CPU
		{F295E221-A047-4AF1-AF62-28EADCF8150C}.Release|Any CPU.ActiveCfg = Release|Any CPU
		{F295E221-A047-4AF1-AF62-28EADCF8150C}.Release|Any CPU.Build.0 = Release|Any CPU
		{F295E221-A047-4AF1-AF62-28EADCF8150C}.Release|x64.ActiveCfg = Release|Any CPU
		{F295E221-A047-4AF1-AF62-28EADCF8150C}.Release|x64.Build.0 = Release|Any CPU
		{F295E221-A047-4AF1-AF62-28EADCF8150C}.Release|x86.ActiveCfg = Release|Any CPU
		{F295E221-A047-4AF1-AF62-28EADCF8150C}.Release|x86.Build.0 = Release|Any CPU
		{C0FD9AB9-FF97-46D9-B461-A2081D87CA90}.Debug|Any CPU.ActiveCfg = Debug|Any CPU
		{C0FD9AB9-FF97-46D9-B461-A2081D87CA90}.Debug|Any CPU.Build.0 = Debug|Any CPU
		{C0FD9AB9-FF97-46D9-B461-A2081D87CA90}.Debug|x64.ActiveCfg = Debug|Any CPU
		{C0FD9AB9-FF97-46D9-B461-A2081D87CA90}.Debug|x64.Build.0 = Debug|Any CPU
		{C0FD9AB9-FF97-46D9-B461-A2081D87CA90}.Debug|x86.ActiveCfg = Debug|Any CPU
		{C0FD9AB9-FF97-46D9-B461-A2081D87CA90}.Debug|x86.Build.0 = Debug|Any CPU
		{C0FD9AB9-FF97-46D9-B461-A2081D87CA90}.Release|Any CPU.ActiveCfg = Release|Any CPU
		{C0FD9AB9-FF97-46D9-B461-A2081D87CA90}.Release|Any CPU.Build.0 = Release|Any CPU
		{C0FD9AB9-FF97-46D9-B461-A2081D87CA90}.Release|x64.ActiveCfg = Release|Any CPU
		{C0FD9AB9-FF97-46D9-B461-A2081D87CA90}.Release|x64.Build.0 = Release|Any CPU
		{C0FD9AB9-FF97-46D9-B461-A2081D87CA90}.Release|x86.ActiveCfg = Release|Any CPU
		{C0FD9AB9-FF97-46D9-B461-A2081D87CA90}.Release|x86.Build.0 = Release|Any CPU
		{F783AE0B-4154-42D3-BE2B-7AAB811270F9}.Debug|Any CPU.ActiveCfg = Debug|Any CPU
		{F783AE0B-4154-42D3-BE2B-7AAB811270F9}.Debug|Any CPU.Build.0 = Debug|Any CPU
		{F783AE0B-4154-42D3-BE2B-7AAB811270F9}.Debug|x64.ActiveCfg = Debug|Any CPU
		{F783AE0B-4154-42D3-BE2B-7AAB811270F9}.Debug|x64.Build.0 = Debug|Any CPU
		{F783AE0B-4154-42D3-BE2B-7AAB811270F9}.Debug|x86.ActiveCfg = Debug|Any CPU
		{F783AE0B-4154-42D3-BE2B-7AAB811270F9}.Debug|x86.Build.0 = Debug|Any CPU
		{F783AE0B-4154-42D3-BE2B-7AAB811270F9}.Release|Any CPU.ActiveCfg = Release|Any CPU
		{F783AE0B-4154-42D3-BE2B-7AAB811270F9}.Release|Any CPU.Build.0 = Release|Any CPU
		{F783AE0B-4154-42D3-BE2B-7AAB811270F9}.Release|x64.ActiveCfg = Release|Any CPU
		{F783AE0B-4154-42D3-BE2B-7AAB811270F9}.Release|x64.Build.0 = Release|Any CPU
		{F783AE0B-4154-42D3-BE2B-7AAB811270F9}.Release|x86.ActiveCfg = Release|Any CPU
		{F783AE0B-4154-42D3-BE2B-7AAB811270F9}.Release|x86.Build.0 = Release|Any CPU
		{DD99D467-26E5-4EE4-BB27-09F47F1590C1}.Debug|Any CPU.ActiveCfg = Debug|Any CPU
		{DD99D467-26E5-4EE4-BB27-09F47F1590C1}.Debug|Any CPU.Build.0 = Debug|Any CPU
		{DD99D467-26E5-4EE4-BB27-09F47F1590C1}.Debug|x64.ActiveCfg = Debug|Any CPU
		{DD99D467-26E5-4EE4-BB27-09F47F1590C1}.Debug|x64.Build.0 = Debug|Any CPU
		{DD99D467-26E5-4EE4-BB27-09F47F1590C1}.Debug|x86.ActiveCfg = Debug|Any CPU
		{DD99D467-26E5-4EE4-BB27-09F47F1590C1}.Debug|x86.Build.0 = Debug|Any CPU
		{DD99D467-26E5-4EE4-BB27-09F47F1590C1}.Release|Any CPU.ActiveCfg = Release|Any CPU
		{DD99D467-26E5-4EE4-BB27-09F47F1590C1}.Release|Any CPU.Build.0 = Release|Any CPU
		{DD99D467-26E5-4EE4-BB27-09F47F1590C1}.Release|x64.ActiveCfg = Release|Any CPU
		{DD99D467-26E5-4EE4-BB27-09F47F1590C1}.Release|x64.Build.0 = Release|Any CPU
		{DD99D467-26E5-4EE4-BB27-09F47F1590C1}.Release|x86.ActiveCfg = Release|Any CPU
		{DD99D467-26E5-4EE4-BB27-09F47F1590C1}.Release|x86.Build.0 = Release|Any CPU
		{03B30AB2-8563-40F4-A211-2AC46A890D06}.Debug|Any CPU.ActiveCfg = Debug|Any CPU
		{03B30AB2-8563-40F4-A211-2AC46A890D06}.Debug|Any CPU.Build.0 = Debug|Any CPU
		{03B30AB2-8563-40F4-A211-2AC46A890D06}.Debug|x64.ActiveCfg = Debug|Any CPU
		{03B30AB2-8563-40F4-A211-2AC46A890D06}.Debug|x64.Build.0 = Debug|Any CPU
		{03B30AB2-8563-40F4-A211-2AC46A890D06}.Debug|x86.ActiveCfg = Debug|Any CPU
		{03B30AB2-8563-40F4-A211-2AC46A890D06}.Debug|x86.Build.0 = Debug|Any CPU
		{03B30AB2-8563-40F4-A211-2AC46A890D06}.Release|Any CPU.ActiveCfg = Release|Any CPU
		{03B30AB2-8563-40F4-A211-2AC46A890D06}.Release|Any CPU.Build.0 = Release|Any CPU
		{03B30AB2-8563-40F4-A211-2AC46A890D06}.Release|x64.ActiveCfg = Release|Any CPU
		{03B30AB2-8563-40F4-A211-2AC46A890D06}.Release|x64.Build.0 = Release|Any CPU
		{03B30AB2-8563-40F4-A211-2AC46A890D06}.Release|x86.ActiveCfg = Release|Any CPU
		{03B30AB2-8563-40F4-A211-2AC46A890D06}.Release|x86.Build.0 = Release|Any CPU
		{084929A7-F831-41F9-BC47-8134DB41B7A6}.Debug|Any CPU.ActiveCfg = Debug|Any CPU
		{084929A7-F831-41F9-BC47-8134DB41B7A6}.Debug|Any CPU.Build.0 = Debug|Any CPU
		{084929A7-F831-41F9-BC47-8134DB41B7A6}.Debug|x64.ActiveCfg = Debug|x64
		{084929A7-F831-41F9-BC47-8134DB41B7A6}.Debug|x64.Build.0 = Debug|x64
		{084929A7-F831-41F9-BC47-8134DB41B7A6}.Debug|x86.ActiveCfg = Debug|x86
		{084929A7-F831-41F9-BC47-8134DB41B7A6}.Debug|x86.Build.0 = Debug|x86
		{084929A7-F831-41F9-BC47-8134DB41B7A6}.Release|Any CPU.ActiveCfg = Release|Any CPU
		{084929A7-F831-41F9-BC47-8134DB41B7A6}.Release|Any CPU.Build.0 = Release|Any CPU
		{084929A7-F831-41F9-BC47-8134DB41B7A6}.Release|x64.ActiveCfg = Release|x64
		{084929A7-F831-41F9-BC47-8134DB41B7A6}.Release|x64.Build.0 = Release|x64
		{084929A7-F831-41F9-BC47-8134DB41B7A6}.Release|x86.ActiveCfg = Release|x86
		{084929A7-F831-41F9-BC47-8134DB41B7A6}.Release|x86.Build.0 = Release|x86
		{AED2E5DF-3334-4462-A5E7-BC7D3FCDCDA7}.Debug|Any CPU.ActiveCfg = Debug|Any CPU
		{AED2E5DF-3334-4462-A5E7-BC7D3FCDCDA7}.Debug|Any CPU.Build.0 = Debug|Any CPU
		{AED2E5DF-3334-4462-A5E7-BC7D3FCDCDA7}.Debug|x64.ActiveCfg = Debug|x64
		{AED2E5DF-3334-4462-A5E7-BC7D3FCDCDA7}.Debug|x64.Build.0 = Debug|x64
		{AED2E5DF-3334-4462-A5E7-BC7D3FCDCDA7}.Debug|x86.ActiveCfg = Debug|x86
		{AED2E5DF-3334-4462-A5E7-BC7D3FCDCDA7}.Debug|x86.Build.0 = Debug|x86
		{AED2E5DF-3334-4462-A5E7-BC7D3FCDCDA7}.Release|Any CPU.ActiveCfg = Release|Any CPU
		{AED2E5DF-3334-4462-A5E7-BC7D3FCDCDA7}.Release|Any CPU.Build.0 = Release|Any CPU
		{AED2E5DF-3334-4462-A5E7-BC7D3FCDCDA7}.Release|x64.ActiveCfg = Release|x64
		{AED2E5DF-3334-4462-A5E7-BC7D3FCDCDA7}.Release|x64.Build.0 = Release|x64
		{AED2E5DF-3334-4462-A5E7-BC7D3FCDCDA7}.Release|x86.ActiveCfg = Release|x86
		{AED2E5DF-3334-4462-A5E7-BC7D3FCDCDA7}.Release|x86.Build.0 = Release|x86
		{FB415AAB-9F2B-47F1-A91C-CB900D280739}.Debug|Any CPU.ActiveCfg = Debug|Any CPU
		{FB415AAB-9F2B-47F1-A91C-CB900D280739}.Debug|Any CPU.Build.0 = Debug|Any CPU
		{FB415AAB-9F2B-47F1-A91C-CB900D280739}.Debug|x64.ActiveCfg = Debug|x64
		{FB415AAB-9F2B-47F1-A91C-CB900D280739}.Debug|x64.Build.0 = Debug|x64
		{FB415AAB-9F2B-47F1-A91C-CB900D280739}.Debug|x86.ActiveCfg = Debug|x86
		{FB415AAB-9F2B-47F1-A91C-CB900D280739}.Debug|x86.Build.0 = Debug|x86
		{FB415AAB-9F2B-47F1-A91C-CB900D280739}.Release|Any CPU.ActiveCfg = Release|Any CPU
		{FB415AAB-9F2B-47F1-A91C-CB900D280739}.Release|Any CPU.Build.0 = Release|Any CPU
		{FB415AAB-9F2B-47F1-A91C-CB900D280739}.Release|x64.ActiveCfg = Release|x64
		{FB415AAB-9F2B-47F1-A91C-CB900D280739}.Release|x64.Build.0 = Release|x64
		{FB415AAB-9F2B-47F1-A91C-CB900D280739}.Release|x86.ActiveCfg = Release|x86
		{FB415AAB-9F2B-47F1-A91C-CB900D280739}.Release|x86.Build.0 = Release|x86
		{89C77F02-A045-48D9-8D68-7A928C09819E}.Debug|Any CPU.ActiveCfg = Debug|Any CPU
		{89C77F02-A045-48D9-8D68-7A928C09819E}.Debug|Any CPU.Build.0 = Debug|Any CPU
		{89C77F02-A045-48D9-8D68-7A928C09819E}.Debug|x64.ActiveCfg = Debug|Any CPU
		{89C77F02-A045-48D9-8D68-7A928C09819E}.Debug|x64.Build.0 = Debug|Any CPU
		{89C77F02-A045-48D9-8D68-7A928C09819E}.Debug|x86.ActiveCfg = Debug|Any CPU
		{89C77F02-A045-48D9-8D68-7A928C09819E}.Debug|x86.Build.0 = Debug|Any CPU
		{89C77F02-A045-48D9-8D68-7A928C09819E}.Release|Any CPU.ActiveCfg = Release|Any CPU
		{89C77F02-A045-48D9-8D68-7A928C09819E}.Release|Any CPU.Build.0 = Release|Any CPU
		{89C77F02-A045-48D9-8D68-7A928C09819E}.Release|x64.ActiveCfg = Release|Any CPU
		{89C77F02-A045-48D9-8D68-7A928C09819E}.Release|x64.Build.0 = Release|Any CPU
		{89C77F02-A045-48D9-8D68-7A928C09819E}.Release|x86.ActiveCfg = Release|Any CPU
		{89C77F02-A045-48D9-8D68-7A928C09819E}.Release|x86.Build.0 = Release|Any CPU
		{B4A3E6D1-7C52-4F89-9A1B-3D8E5F6C2A4D}.Debug|Any CPU.ActiveCfg = Debug|Any CPU
		{B4A3E6D1-7C52-4F89-9A1B-3D8E5F6C2A4D}.Debug|Any CPU.Build.0 = Debug|Any CPU
		{B4A3E6D1-7C52-4F89-9A1B-3D8E5F6C2A4D}.Debug|x64.ActiveCfg = Debug|Any CPU
		{B4A3E6D1-7C52-4F89-9A1B-3D8E5F6C2A4D}.Debug|x64.Build.0 = Debug|Any CPU
		{B4A3E6D1-7C52-4F89-9A1B-3D8E5F6C2A4D}.Debug|x86.ActiveCfg = Debug|Any CPU
		{B4A3E6D1-7C52-4F89-9A1B-3D8E5F6C2A4D}.Debug|x86.Build.0 = Debug|Any CPU
		{B4A3E6D1-7C52-4F89-9A1B-3D8E5F6C2A4D}.Release|Any CPU.ActiveCfg = Release|Any CPU
		{B4A3E6D1-7C52-4F89-9A1B-3D8E5F6C2A4D}.Release|Any CPU.Build.0 = Release|Any CPU
		{B4A3E6D1-7C52-4F89-9A1B-3D8E5F6C2A4D}.Release|x64.ActiveCfg = Release|Any CPU
		{B4A3E6D1-7C52-4F89-9A1B-3D8E5F6C2A4D}.Release|x64.Build.0 = Release|Any CPU
		{B4A3E6D1-7C52-4F89-9A1B-3D8E5F6C2A4D}.Release|x86.ActiveCfg = Release|Any CPU
		{B4A3E6D1-7C52-4F89-9A1B-3D8E5F6C2A4D}.Release|x86.Build.0 = Release|Any CPU
	EndGlobalSection
	GlobalSection(SolutionProperties) = preSolution
		HideSolutionNode = FALSE
	EndGlobalSection
	GlobalSection(NestedProjects) = preSolution
		{09D1D643-5345-48B4-9EEF-F5131906E290} = {827E0CD3-B72D-47B6-A68D-7590B98EB39B}
		{31F33B48-223D-4563-A468-AEE5A447F670} = {827E0CD3-B72D-47B6-A68D-7590B98EB39B}
		{40AAB06F-131E-4021-A04E-B8FC561C1403} = {827E0CD3-B72D-47B6-A68D-7590B98EB39B}
		{F295E221-A047-4AF1-AF62-28EADCF8150C} = {827E0CD3-B72D-47B6-A68D-7590B98EB39B}
		{C0FD9AB9-FF97-46D9-B461-A2081D87CA90} = {827E0CD3-B72D-47B6-A68D-7590B98EB39B}
		{F783AE0B-4154-42D3-BE2B-7AAB811270F9} = {827E0CD3-B72D-47B6-A68D-7590B98EB39B}
		{DD99D467-26E5-4EE4-BB27-09F47F1590C1} = {827E0CD3-B72D-47B6-A68D-7590B98EB39B}
		{03B30AB2-8563-40F4-A211-2AC46A890D06} = {827E0CD3-B72D-47B6-A68D-7590B98EB39B}
		{DD71328E-FF8D-6DBB-E07F-F0739A4A0A12} = {3A8DF596-E814-FECC-DD4B-D8EF8AAC1A0D}
		{084929A7-F831-41F9-BC47-8134DB41B7A6} = {DD71328E-FF8D-6DBB-E07F-F0739A4A0A12}
		{AED2E5DF-3334-4462-A5E7-BC7D3FCDCDA7} = {DD71328E-FF8D-6DBB-E07F-F0739A4A0A12}
		{FB415AAB-9F2B-47F1-A91C-CB900D280739} = {DD71328E-FF8D-6DBB-E07F-F0739A4A0A12}
		{89C77F02-A045-48D9-8D68-7A928C09819E} = {827E0CD3-B72D-47B6-A68D-7590B98EB39B}
		{B4A3E6D1-7C52-4F89-9A1B-3D8E5F6C2A4D} = {827E0CD3-B72D-47B6-A68D-7590B98EB39B}
	EndGlobalSection
EndGlobal
